
Microsoft Visual Studio Solution File, Format Version 12.00
# Visual Studio Version 16
VisualStudioVersion = 16.0.31321.278
MinimumVisualStudioVersion = 10.0.40219.1
Project("{FAE04EC0-301F-11D3-BF4B-00C04F79EFBC}") = "grafica", "grafica\grafica.csproj", "{39AF5CE5-F46E-4C42-BFB8-7A53A4605285}"
EndProject
Global
	GlobalSection(SolutionConfigurationPlatforms) = preSolution
		Debug|Any CPU = Debug|Any CPU
		Release|Any CPU = Release|Any CPU
	EndGlobalSection
	GlobalSection(ProjectConfigurationPlatforms) = postSolution
		{39AF5CE5-F46E-4C42-BFB8-7A53A4605285}.Debug|Any CPU.ActiveCfg = Debug|Any CPU
		{39AF5CE5-F46E-4C42-BFB8-7A53A4605285}.Debug|Any CPU.Build.0 = Debug|Any CPU
		{39AF5CE5-F46E-4C42-BFB8-7A53A4605285}.Release|Any CPU.ActiveCfg = Release|Any CPU
		{39AF5CE5-F46E-4C42-BFB8-7A53A4605285}.Release|Any CPU.Build.0 = Release|Any CPU
	EndGlobalSection
	GlobalSection(SolutionProperties) = preSolution
		HideSolutionNode = FALSE
	EndGlobalSection
	GlobalSection(ExtensibilityGlobals) = postSolution
		SolutionGuid = {FE7B2C32-B8C4-4BA7-870B-ACCA12020BA2}
	EndGlobalSection
EndGlobal
